
Microsoft Visual Studio Solution File, Format Version 12.00
# Visual Studio 14
VisualStudioVersion = 14.0.25420.1
MinimumVisualStudioVersion = 10.0.40219.1
Project("{FAE04EC0-301F-11D3-BF4B-00C04F79EFBC}") = "HCDesign", "HCDesign\HCDesign.csproj", "{1FDC6B68-680C-4BF1-A645-28E3784819DE}"
EndProject
Project("{FAE04EC0-301F-11D3-BF4B-00C04F79EFBC}") = "HCDesignTests", "HCDesignTests\HCDesignTests.csproj", "{A95F3D02-27E9-44A6-BA6E-44BAC25C1F36}"
EndProject
Global
	GlobalSection(SolutionConfigurationPlatforms) = preSolution
		Debug|Any CPU = Debug|Any CPU
		Release|Any CPU = Release|Any CPU
	EndGlobalSection
	GlobalSection(ProjectConfigurationPlatforms) = postSolution
		{1FDC6B68-680C-4BF1-A645-28E3784819DE}.Debug|Any CPU.ActiveCfg = Debug|Any CPU
		{1FDC6B68-680C-4BF1-A645-28E3784819DE}.Debug|Any CPU.Build.0 = Debug|Any CPU
		{1FDC6B68-680C-4BF1-A645-28E3784819DE}.Release|Any CPU.ActiveCfg = Release|Any CPU
		{1FDC6B68-680C-4BF1-A645-28E3784819DE}.Release|Any CPU.Build.0 = Release|Any CPU
		{A95F3D02-27E9-44A6-BA6E-44BAC25C1F36}.Debug|Any CPU.ActiveCfg = Debug|Any CPU
		{A95F3D02-27E9-44A6-BA6E-44BAC25C1F36}.Debug|Any CPU.Build.0 = Debug|Any CPU
		{A95F3D02-27E9-44A6-BA6E-44BAC25C1F36}.Release|Any CPU.ActiveCfg = Release|Any CPU
		{A95F3D02-27E9-44A6-BA6E-44BAC25C1F36}.Release|Any CPU.Build.0 = Release|Any CPU
	EndGlobalSection
	GlobalSection(SolutionProperties) = preSolution
		HideSolutionNode = FALSE
	EndGlobalSection
EndGlobal
